
Microsoft Visual Studio Solution File, Format Version 12.00
# Visual Studio Version 16
VisualStudioVersion = 16.0.29215.179
MinimumVisualStudioVersion = 10.0.40219.1
Project("{FAE04EC0-301F-11D3-BF4B-00C04F79EFBC}") = "EligibilityProject", "EligibilityProject.csproj", "{4F71105F-59FB-46D8-941C-720F8136A23A}"
EndProject
Global
	GlobalSection(SolutionConfigurationPlatforms) = preSolution
		Debug|Any CPU = Debug|Any CPU
		Release|Any CPU = Release|Any CPU
	EndGlobalSection
	GlobalSection(ProjectConfigurationPlatforms) = postSolution
		{4F71105F-59FB-46D8-941C-720F8136A23A}.Debug|Any CPU.ActiveCfg = Debug|Any CPU
		{4F71105F-59FB-46D8-941C-720F8136A23A}.Debug|Any CPU.Build.0 = Debug|Any CPU
		{4F71105F-59FB-46D8-941C-720F8136A23A}.Release|Any CPU.ActiveCfg = Release|Any CPU
		{4F71105F-59FB-46D8-941C-720F8136A23A}.Release|Any CPU.Build.0 = Release|Any CPU
	EndGlobalSection
	GlobalSection(SolutionProperties) = preSolution
		HideSolutionNode = FALSE
	EndGlobalSection
	GlobalSection(ExtensibilityGlobals) = postSolution
		SolutionGuid = {A39037ED-5F2C-4295-9A94-721EFE590A0A}
	EndGlobalSection
EndGlobal
